
Microsoft Visual Studio Solution File, Format Version 11.00
# Visual Studio 2010
Project("{FAE04EC0-301F-11D3-BF4B-00C04F79EFBC}") = "Projet_Developpement", "Projet_Developpement\Projet_Developpement.csproj", "{86E221EA-70C2-4833-BB76-596A18FE6F88}"
EndProject
Global
	GlobalSection(SolutionConfigurationPlatforms) = preSolution
		Debug|x86 = Debug|x86
		Release|x86 = Release|x86
	EndGlobalSection
	GlobalSection(ProjectConfigurationPlatforms) = postSolution
		{86E221EA-70C2-4833-BB76-596A18FE6F88}.Debug|x86.ActiveCfg = Debug|x86
		{86E221EA-70C2-4833-BB76-596A18FE6F88}.Debug|x86.Build.0 = Debug|x86
		{86E221EA-70C2-4833-BB76-596A18FE6F88}.Release|x86.ActiveCfg = Release|x86
		{86E221EA-70C2-4833-BB76-596A18FE6F88}.Release|x86.Build.0 = Release|x86
	EndGlobalSection
	GlobalSection(SolutionProperties) = preSolution
		HideSolutionNode = FALSE
	EndGlobalSection
EndGlobal
